<?xml version="1.0" encoding="utf-8"?>
<Project ToolsVersion="4.0" xmlns="http://schemas.microsoft.com/developer/msbuild/2003">
  <ItemGroup>
    <ClCompile Include="Main.cpp" />
    <ClCompile Include="SmartHomeDevice.cpp" />
    <ClCompile Include="SmartHomeDeviceFsm.cpp" />
    <ClCompile Include="Common_Library\EventSystem\Event.cpp" />
    <ClCompile Include="Common_Library\EventSystem\EventSystem.cpp" />
    <ClCompile Include="Common_Library\HttpMessage\HttpMessage.cpp" />
    <ClCompile Include="Common_Library\TaskManager\Task.cpp" />
    <ClCompile Include="Common_Library\TaskManager\TaskManager.cpp" />
    <ClCompile Include="Common_Library\Timer\Timer.cpp" />
    <ClCompile Include="Common_Library\Timer\TimerManager.cpp" />
  </ItemGroup>
  <ItemGroup>
    <ClInclude Include="SmartHomeDevice.h" />
    <ClInclude Include="SmartHomeDeviceFsm.h" />
    <ClInclude Include="Common_Library\EventSystem\Event.h" />
    <ClInclude Include="Common_Library\EventSystem\EventSubscriber.h" />
    <ClInclude Include="Common_Library\EventSystem\EventSystem.h" />
    <ClInclude Include="Common_Library\HttpMessage\HttpMessage.h" />
    <ClInclude Include="Common_Library\StateMachine\StateMachine.hpp" />
    <ClInclude Include="Common_Library\TaskManager\Task.h" />
    <ClInclude Include="Common_Library\TaskManager\TaskManager.h" />
    <ClInclude Include="Common_Library\Timer\Timer.h" />
    <ClInclude Include="Common_Library\Timer\TimerManager.h" />
  </ItemGroup>
</Project>